// !$*UTF8*$!
{
	archiveVersion = 1;
	classes = {
	};
	objectVersion = 50;
	objects = {

/* Begin PBXBuildFile section */
		48060489C5F0EADD45A6B187 /* Pods_twitter_project.framework in Frameworks */ = {isa = PBXBuildFile; fileRef = FDDDDAFE1E0A97FC9419A242 /* Pods_twitter_project.framework */; };
		8D13001020ED1D810095CED0 /* AppDelegate.swift in Sources */ = {isa = PBXBuildFile; fileRef = 8D13000F20ED1D810095CED0 /* AppDelegate.swift */; };
		8D13001220ED1D810095CED0 /* TableViewController.swift in Sources */ = {isa = PBXBuildFile; fileRef = 8D13001120ED1D810095CED0 /* TableViewController.swift */; };
		8D13001520ED1D810095CED0 /* Main.storyboard in Resources */ = {isa = PBXBuildFile; fileRef = 8D13001320ED1D810095CED0 /* Main.storyboard */; };
		8D13001720ED1D830095CED0 /* Assets.xcassets in Resources */ = {isa = PBXBuildFile; fileRef = 8D13001620ED1D830095CED0 /* Assets.xcassets */; };
		8D13001A20ED1D830095CED0 /* LaunchScreen.storyboard in Resources */ = {isa = PBXBuildFile; fileRef = 8D13001820ED1D830095CED0 /* LaunchScreen.storyboard */; };
		8D13002720ED3B730095CED0 /* Messages.swift in Sources */ = {isa = PBXBuildFile; fileRef = 8D13002620ED3B730095CED0 /* Messages.swift */; };
		8D13004B20EE592C0095CED0 /* SecondTableViewController.swift in Sources */ = {isa = PBXBuildFile; fileRef = 8D13004A20EE592C0095CED0 /* SecondTableViewController.swift */; };
/* End PBXBuildFile section */

/* Begin PBXFileReference section */
		07BB628313FE6EFD36C59466 /* Pods-twitter-project.debug.xcconfig */ = {isa = PBXFileReference; includeInIndex = 1; lastKnownFileType = text.xcconfig; name = "Pods-twitter-project.debug.xcconfig"; path = "Pods/Target Support Files/Pods-twitter-project/Pods-twitter-project.debug.xcconfig"; sourceTree = "<group>"; };
		7154E975CC533DBBEAF1C591 /* Pods-twitter-project.release.xcconfig */ = {isa = PBXFileReference; includeInIndex = 1; lastKnownFileType = text.xcconfig; name = "Pods-twitter-project.release.xcconfig"; path = "Pods/Target Support Files/Pods-twitter-project/Pods-twitter-project.release.xcconfig"; sourceTree = "<group>"; };
		8D13000C20ED1D810095CED0 /* twitter-project.app */ = {isa = PBXFileReference; explicitFileType = wrapper.application; includeInIndex = 0; path = "twitter-project.app"; sourceTree = BUILT_PRODUCTS_DIR; };
		8D13000F20ED1D810095CED0 /* AppDelegate.swift */ = {isa = PBXFileReference; lastKnownFileType = sourcecode.swift; path = AppDelegate.swift; sourceTree = "<group>"; };
		8D13001120ED1D810095CED0 /* TableViewController.swift */ = {isa = PBXFileReference; lastKnownFileType = sourcecode.swift; path = TableViewController.swift; sourceTree = "<group>"; };
		8D13001420ED1D810095CED0 /* Base */ = {isa = PBXFileReference; lastKnownFileType = file.storyboard; name = Base; path = Base.lproj/Main.storyboard; sourceTree = "<group>"; };
		8D13001620ED1D830095CED0 /* Assets.xcassets */ = {isa = PBXFileReference; lastKnownFileType = folder.assetcatalog; path = Assets.xcassets; sourceTree = "<group>"; };
		8D13001920ED1D830095CED0 /* Base */ = {isa = PBXFileReference; lastKnownFileType = file.storyboard; name = Base; path = Base.lproj/LaunchScreen.storyboard; sourceTree = "<group>"; };
		8D13001B20ED1D830095CED0 /* Info.plist */ = {isa = PBXFileReference; lastKnownFileType = text.plist.xml; path = Info.plist; sourceTree = "<group>"; };
		8D13002620ED3B730095CED0 /* Messages.swift */ = {isa = PBXFileReference; lastKnownFileType = sourcecode.swift; path = Messages.swift; sourceTree = "<group>"; };
		8D13004A20EE592C0095CED0 /* SecondTableViewController.swift */ = {isa = PBXFileReference; lastKnownFileType = sourcecode.swift; path = SecondTableViewController.swift; sourceTree = "<group>"; };
		FDDDDAFE1E0A97FC9419A242 /* Pods_twitter_project.framework */ = {isa = PBXFileReference; explicitFileType = wrapper.framework; includeInIndex = 0; path = Pods_twitter_project.framework; sourceTree = BUILT_PRODUCTS_DIR; };
/* End PBXFileReference section */

/* Begin PBXFrameworksBuildPhase section */
		8D13000920ED1D810095CED0 /* Frameworks */ = {
			isa = PBXFrameworksBuildPhase;
			buildActionMask = 2147483647;
			files = (
				48060489C5F0EADD45A6B187 /* Pods_twitter_project.framework in Frameworks */,
			);
			runOnlyForDeploymentPostprocessing = 0;
		};
/* End PBXFrameworksBuildPhase section */

/* Begin PBXGroup section */
		72B2FC6BAD086F5682E6DA86 /* Frameworks */ = {
			isa = PBXGroup;
			children = (
				FDDDDAFE1E0A97FC9419A242 /* Pods_twitter_project.framework */,
			);
			name = Frameworks;
			sourceTree = "<group>";
		};
		8D13000320ED1D810095CED0 = {
			isa = PBXGroup;
			children = (
				8D13000E20ED1D810095CED0 /* twitter-project */,
				8D13000D20ED1D810095CED0 /* Products */,
				AE6EEB74568820C83D68FCCB /* Pods */,
				72B2FC6BAD086F5682E6DA86 /* Frameworks */,
			);
			sourceTree = "<group>";
		};
		8D13000D20ED1D810095CED0 /* Products */ = {
			isa = PBXGroup;
			children = (
				8D13000C20ED1D810095CED0 /* twitter-project.app */,
			);
			name = Products;
			sourceTree = "<group>";
		};
		8D13000E20ED1D810095CED0 /* twitter-project */ = {
			isa = PBXGroup;
			children = (
				8D13002520ED38C50095CED0 /* Controller */,
				8D13002320ED38AD0095CED0 /* View */,
				8D13002220ED38A20095CED0 /* Supporting files */,
				8D13002120ED38970095CED0 /* Model */,
			);
			path = "twitter-project";
			sourceTree = "<group>";
		};
		8D13002120ED38970095CED0 /* Model */ = {
			isa = PBXGroup;
			children = (
				8D13002620ED3B730095CED0 /* Messages.swift */,
			);
			path = Model;
			sourceTree = "<group>";
		};
		8D13002220ED38A20095CED0 /* Supporting files */ = {
			isa = PBXGroup;
			children = (
				8D13001B20ED1D830095CED0 /* Info.plist */,
				8D13000F20ED1D810095CED0 /* AppDelegate.swift */,
				8D13001620ED1D830095CED0 /* Assets.xcassets */,
			);
			path = "Supporting files";
			sourceTree = "<group>";
		};
		8D13002320ED38AD0095CED0 /* View */ = {
			isa = PBXGroup;
			children = (
				8D13001320ED1D810095CED0 /* Main.storyboard */,
				8D13001820ED1D830095CED0 /* LaunchScreen.storyboard */,
			);
			path = View;
			sourceTree = "<group>";
		};
		8D13002520ED38C50095CED0 /* Controller */ = {
			isa = PBXGroup;
			children = (
				8D13001120ED1D810095CED0 /* TableViewController.swift */,
				8D13004A20EE592C0095CED0 /* SecondTableViewController.swift */,
			);
			path = Controller;
			sourceTree = "<group>";
		};
		AE6EEB74568820C83D68FCCB /* Pods */ = {
			isa = PBXGroup;
			children = (
				07BB628313FE6EFD36C59466 /* Pods-twitter-project.debug.xcconfig */,
				7154E975CC533DBBEAF1C591 /* Pods-twitter-project.release.xcconfig */,
			);
			name = Pods;
			sourceTree = "<group>";
		};
/* End PBXGroup section */

/* Begin PBXNativeTarget section */
		8D13000B20ED1D810095CED0 /* twitter-project */ = {
			isa = PBXNativeTarget;
			buildConfigurationList = 8D13001E20ED1D830095CED0 /* Build configuration list for PBXNativeTarget "twitter-project" */;
			buildPhases = (
				073A17D20C10F949B0E9149E /* [CP] Check Pods Manifest.lock */,
				8D13000820ED1D810095CED0 /* Sources */,
				8D13000920ED1D810095CED0 /* Frameworks */,
				8D13000A20ED1D810095CED0 /* Resources */,
				EE0A5A3B2B0FDB4361A06B7D /* [CP] Embed Pods Frameworks */,
			);
			buildRules = (
			);
			dependencies = (
			);
			name = "twitter-project";
			productName = "twitter-project";
			productReference = 8D13000C20ED1D810095CED0 /* twitter-project.app */;
			productType = "com.apple.product-type.application";
		};
/* End PBXNativeTarget section */

/* Begin PBXProject section */
		8D13000420ED1D810095CED0 /* Project object */ = {
			isa = PBXProject;
			attributes = {
				LastSwiftUpdateCheck = 0940;
				LastUpgradeCheck = 0940;
				ORGANIZATIONNAME = "Eugene Posikyra";
				TargetAttributes = {
					8D13000B20ED1D810095CED0 = {
						CreatedOnToolsVersion = 9.4.1;
					};
				};
			};
			buildConfigurationList = 8D13000720ED1D810095CED0 /* Build configuration list for PBXProject "twitter-project" */;
			compatibilityVersion = "Xcode 9.3";
			developmentRegion = en;
			hasScannedForEncodings = 0;
			knownRegions = (
				en,
				Base,
			);
			mainGroup = 8D13000320ED1D810095CED0;
			productRefGroup = 8D13000D20ED1D810095CED0 /* Products */;
			projectDirPath = "";
			projectRoot = "";
			targets = (
				8D13000B20ED1D810095CED0 /* twitter-project */,
			);
		};
/* End PBXProject section */

/* Begin PBXResourcesBuildPhase section */
		8D13000A20ED1D810095CED0 /* Resources */ = {
			isa = PBXResourcesBuildPhase;
			buildActionMask = 2147483647;
			files = (
				8D13001A20ED1D830095CED0 /* LaunchScreen.storyboard in Resources */,
				8D13001720ED1D830095CED0 /* Assets.xcassets in Resources */,
				8D13001520ED1D810095CED0 /* Main.storyboard in Resources */,
			);
			runOnlyForDeploymentPostprocessing = 0;
		};
/* End PBXResourcesBuildPhase section */

/* Begin PBXShellScriptBuildPhase section */
		073A17D20C10F949B0E9149E /* [CP] Check Pods Manifest.lock */ = {
			isa = PBXShellScriptBuildPhase;
			buildActionMask = 2147483647;
			files = (
			);
			inputPaths = (
				"${PODS_PODFILE_DIR_PATH}/Podfile.lock",
				"${PODS_ROOT}/Manifest.lock",
			);
			name = "[CP] Check Pods Manifest.lock";
			outputPaths = (
				"$(DERIVED_FILE_DIR)/Pods-twitter-project-checkManifestLockResult.txt",
			);
			runOnlyForDeploymentPostprocessing = 0;
			shellPath = /bin/sh;
			shellScript = "diff \"${PODS_PODFILE_DIR_PATH}/Podfile.lock\" \"${PODS_ROOT}/Manifest.lock\" > /dev/null\nif [ $? != 0 ] ; then\n    # print error to STDERR\n    echo \"error: The sandbox is not in sync with the Podfile.lock. Run 'pod install' or update your CocoaPods installation.\" >&2\n    exit 1\nfi\n# This output is used by Xcode 'outputs' to avoid re-running this script phase.\necho \"SUCCESS\" > \"${SCRIPT_OUTPUT_FILE_0}\"\n";
			showEnvVarsInLog = 0;
		};
		EE0A5A3B2B0FDB4361A06B7D /* [CP] Embed Pods Frameworks */ = {
			isa = PBXShellScriptBuildPhase;
			buildActionMask = 2147483647;
			files = (
			);
			inputPaths = (
				"${SRCROOT}/Pods/Target Support Files/Pods-twitter-project/Pods-twitter-project-frameworks.sh",
				"${BUILT_PRODUCTS_DIR}/Realm/Realm.framework",
				"${BUILT_PRODUCTS_DIR}/RealmSwift/RealmSwift.framework",
			);
			name = "[CP] Embed Pods Frameworks";
			outputPaths = (
				"${TARGET_BUILD_DIR}/${FRAMEWORKS_FOLDER_PATH}/Realm.framework",
				"${TARGET_BUILD_DIR}/${FRAMEWORKS_FOLDER_PATH}/RealmSwift.framework",
			);
			runOnlyForDeploymentPostprocessing = 0;
			shellPath = /bin/sh;
			shellScript = "\"${SRCROOT}/Pods/Target Support Files/Pods-twitter-project/Pods-twitter-project-frameworks.sh\"\n";
			showEnvVarsInLog = 0;
		};
/* End PBXShellScriptBuildPhase section */

/* Begin PBXSourcesBuildPhase section */
		8D13000820ED1D810095CED0 /* Sources */ = {
			isa = PBXSourcesBuildPhase;
			buildActionMask = 2147483647;
			files = (
				8D13001220ED1D810095CED0 /* TableViewController.swift in Sources */,
				8D13004B20EE592C0095CED0 /* SecondTableViewController.swift in Sources */,
				8D13002720ED3B730095CED0 /* Messages.swift in Sources */,
				8D13001020ED1D810095CED0 /* AppDelegate.swift in Sources */,
			);
			runOnlyForDeploymentPostprocessing = 0;
		};
/* End PBXSourcesBuildPhase section */

/* Begin PBXVariantGroup section */
		8D13001320ED1D810095CED0 /* Main.storyboard */ = {
			isa = PBXVariantGroup;
			children = (
				8D13001420ED1D810095CED0 /* Base */,
			);
			name = Main.storyboard;
			sourceTree = "<group>";
		};
		8D13001820ED1D830095CED0 /* LaunchScreen.storyboard */ = {
			isa = PBXVariantGroup;
			children = (
				8D13001920ED1D830095CED0 /* Base */,
			);
			name = LaunchScreen.storyboard;
			sourceTree = "<group>";
		};
/* End PBXVariantGroup section */

/* Begin XCBuildConfiguration section */
		8D13001C20ED1D830095CED0 /* Debug */ = {
			isa = XCBuildConfiguration;
			buildSettings = {
				ALWAYS_SEARCH_USER_PATHS = NO;
				CLANG_ANALYZER_NONNULL = YES;
				CLANG_ANALYZER_NUMBER_OBJECT_CONVERSION = YES_AGGRESSIVE;
				CLANG_CXX_LANGUAGE_STANDARD = "gnu++14";
				CLANG_CXX_LIBRARY = "libc++";
				CLANG_ENABLE_MODULES = YES;
				CLANG_ENABLE_OBJC_ARC = YES;
				CLANG_ENABLE_OBJC_WEAK = YES;
				CLANG_WARN_BLOCK_CAPTURE_AUTORELEASING = YES;
				CLANG_WARN_BOOL_CONVERSION = YES;
				CLANG_WARN_COMMA = YES;
				CLANG_WARN_CONSTANT_CONVERSION = YES;
				CLANG_WARN_DEPRECATED_OBJC_IMPLEMENTATIONS = YES;
				CLANG_WARN_DIRECT_OBJC_ISA_USAGE = YES_ERROR;
				CLANG_WARN_DOCUMENTATION_COMMENTS = YES;
				CLANG_WARN_EMPTY_BODY = YES;
				CLANG_WARN_ENUM_CONVERSION = YES;
				CLANG_WARN_INFINITE_RECURSION = YES;
				CLANG_WARN_INT_CONVERSION = YES;
				CLANG_WARN_NON_LITERAL_NULL_CONVERSION = YES;
				CLANG_WARN_OBJC_IMPLICIT_RETAIN_SELF = YES;
				CLANG_WARN_OBJC_LITERAL_CONVERSION = YES;
				CLANG_WARN_OBJC_ROOT_CLASS = YES_ERROR;
				CLANG_WARN_RANGE_LOOP_ANALYSIS = YES;
				CLANG_WARN_STRICT_PROTOTYPES = YES;
				CLANG_WARN_SUSPICIOUS_MOVE = YES;
				CLANG_WARN_UNGUARDED_AVAILABILITY = YES_AGGRESSIVE;
				CLANG_WARN_UNREACHABLE_CODE = YES;
				CLANG_WARN__DUPLICATE_METHOD_MATCH = YES;
				CODE_SIGN_IDENTITY = "iPhone Developer";
				COPY_PHASE_STRIP = NO;
				DEBUG_INFORMATION_FORMAT = dwarf;
				ENABLE_STRICT_OBJC_MSGSEND = YES;
				ENABLE_TESTABILITY = YES;
				GCC_C_LANGUAGE_STANDARD = gnu11;
				GCC_DYNAMIC_NO_PIC = NO;
				GCC_NO_COMMON_BLOCKS = YES;
				GCC_OPTIMIZATION_LEVEL = 0;
				GCC_PREPROCESSOR_DEFINITIONS = (
					"DEBUG=1",
					"$(inherited)",
				);
				GCC_WARN_64_TO_32_BIT_CONVERSION = YES;
				GCC_WARN_ABOUT_RETURN_TYPE = YES_ERROR;
				GCC_WARN_UNDECLARED_SELECTOR = YES;
				GCC_WARN_UNINITIALIZED_AUTOS = YES_AGGRESSIVE;
				GCC_WARN_UNUSED_FUNCTION = YES;
				GCC_WARN_UNUSED_VARIABLE = YES;
				IPHONEOS_DEPLOYMENT_TARGET = 11.4;
				MTL_ENABLE_DEBUG_INFO = YES;
				ONLY_ACTIVE_ARCH = YES;
				SDKROOT = iphoneos;
				SWIFT_ACTIVE_COMPILATION_CONDITIONS = DEBUG;
				SWIFT_OPTIMIZATION_LEVEL = "-Onone";
			};
			name = Debug;
		};
		8D13001D20ED1D830095CED0 /* Release */ = {
			isa = XCBuildConfiguration;
			buildSettings = {
				ALWAYS_SEARCH_USER_PATHS = NO;
				CLANG_ANALYZER_NONNULL = YES;
				CLANG_ANALYZER_NUMBER_OBJECT_CONVERSION = YES_AGGRESSIVE;
				CLANG_CXX_LANGUAGE_STANDARD = "gnu++14";
				CLANG_CXX_LIBRARY = "libc++";
				CLANG_ENABLE_MODULES = YES;
				CLANG_ENABLE_OBJC_ARC = YES;
				CLANG_ENABLE_OBJC_WEAK = YES;
				CLANG_WARN_BLOCK_CAPTURE_AUTORELEASING = YES;
				CLANG_WARN_BOOL_CONVERSION = YES;
				CLANG_WARN_COMMA = YES;
				CLANG_WARN_CONSTANT_CONVERSION = YES;
				CLANG_WARN_DEPRECATED_OBJC_IMPLEMENTATIONS = YES;
				CLANG_WARN_DIRECT_OBJC_ISA_USAGE = YES_ERROR;
				CLANG_WARN_DOCUMENTATION_COMMENTS = YES;
				CLANG_WARN_EMPTY_BODY = YES;
				CLANG_WARN_ENUM_CONVERSION = YES;
				CLANG_WARN_INFINITE_RECURSION = YES;
				CLANG_WARN_INT_CONVERSION = YES;
				CLANG_WARN_NON_LITERAL_NULL_CONVERSION = YES;
				CLANG_WARN_OBJC_IMPLICIT_RETAIN_SELF = YES;
				CLANG_WARN_OBJC_LITERAL_CONVERSION = YES;
				CLANG_WARN_OBJC_ROOT_CLASS = YES_ERROR;
				CLANG_WARN_RANGE_LOOP_ANALYSIS = YES;
				CLANG_WARN_STRICT_PROTOTYPES = YES;
				CLANG_WARN_SUSPICIOUS_MOVE = YES;
				CLANG_WARN_UNGUARDED_AVAILABILITY = YES_AGGRESSIVE;
				CLANG_WARN_UNREACHABLE_CODE = YES;
				CLANG_WARN__DUPLICATE_METHOD_MATCH = YES;
				CODE_SIGN_IDENTITY = "iPhone Developer";
				COPY_PHASE_STRIP = NO;
				DEBUG_INFORMATION_FORMAT = "dwarf-with-dsym";
				ENABLE_NS_ASSERTIONS = NO;
				ENABLE_STRICT_OBJC_MSGSEND = YES;
				GCC_C_LANGUAGE_STANDARD = gnu11;
				GCC_NO_COMMON_BLOCKS = YES;
				GCC_WARN_64_TO_32_BIT_CONVERSION = YES;
				GCC_WARN_ABOUT_RETURN_TYPE = YES_ERROR;
				GCC_WARN_UNDECLARED_SELECTOR = YES;
				GCC_WARN_UNINITIALIZED_AUTOS = YES_AGGRESSIVE;
				GCC_WARN_UNUSED_FUNCTION = YES;
				GCC_WARN_UNUSED_VARIABLE = YES;
				IPHONEOS_DEPLOYMENT_TARGET = 11.4;
				MTL_ENABLE_DEBUG_INFO = NO;
				SDKROOT = iphoneos;
				SWIFT_COMPILATION_MODE = wholemodule;
				SWIFT_OPTIMIZATION_LEVEL = "-O";
				VALIDATE_PRODUCT = YES;
			};
			name = Release;
		};
		8D13001F20ED1D830095CED0 /* Debug */ = {
			isa = XCBuildConfiguration;
			baseConfigurationReference = 07BB628313FE6EFD36C59466 /* Pods-twitter-project.debug.xcconfig */;
			buildSettings = {
				ASSETCATALOG_COMPILER_APPICON_NAME = AppIcon;
				CODE_SIGN_STYLE = Automatic;
				DEVELOPMENT_TEAM = 7X5NK4F5P3;
				INFOPLIST_FILE = "$(SRCROOT)/twitter-project/Supporting files/Info.plist";
				LD_RUNPATH_SEARCH_PATHS = (
					"$(inherited)",
					"@executable_path/Frameworks",
				);
				PRODUCT_BUNDLE_IDENTIFIER = "yevgenius.twitter-project";
				PRODUCT_NAME = "$(TARGET_NAME)";
				SWIFT_VERSION = 4.0;
				TARGETED_DEVICE_FAMILY = "1,2";
			};
			name = Debug;
		};
		8D13002020ED1D830095CED0 /* Release */ = {
			isa = XCBuildConfiguration;
			baseConfigurationReference = 7154E975CC533DBBEAF1C591 /* Pods-twitter-project.release.xcconfig */;
			buildSettings = {
				ASSETCATALOG_COMPILER_APPICON_NAME = AppIcon;
				CODE_SIGN_STYLE = Automatic;
				DEVELOPMENT_TEAM = 7X5NK4F5P3;
				INFOPLIST_FILE = "$(SRCROOT)/twitter-project/Supporting files/Info.plist";
				LD_RUNPATH_SEARCH_PATHS = (
					"$(inherited)",
					"@executable_path/Frameworks",
				);
				PRODUCT_BUNDLE_IDENTIFIER = "yevgenius.twitter-project";
				PRODUCT_NAME = "$(TARGET_NAME)";
				SWIFT_VERSION = 4.0;
				TARGETED_DEVICE_FAMILY = "1,2";
			};
			name = Release;
		};
/* End XCBuildConfiguration section */

/* Begin XCConfigurationList section */
		8D13000720ED1D810095CED0 /* Build configuration list for PBXProject "twitter-project" */ = {
			isa = XCConfigurationList;
			buildConfigurations = (
				8D13001C20ED1D830095CED0 /* Debug */,
				8D13001D20ED1D830095CED0 /* Release */,
			);
			defaultConfigurationIsVisible = 0;
			defaultConfigurationName = Release;
		};
		8D13001E20ED1D830095CED0 /* Build configuration list for PBXNativeTarget "twitter-project" */ = {
			isa = XCConfigurationList;
			buildConfigurations = (
				8D13001F20ED1D830095CED0 /* Debug */,
				8D13002020ED1D830095CED0 /* Release */,
			);
			defaultConfigurationIsVisible = 0;
			defaultConfigurationName = Release;
		};
/* End XCConfigurationList section */
	};
	rootObject = 8D13000420ED1D810095CED0 /* Project object */;
}
